
Microsoft Visual Studio Solution File, Format Version 12.00
# Visual Studio Version 17
VisualStudioVersion = 17.0.32014.148
MinimumVisualStudioVersion = 10.0.40219.1
Project("{9A19103F-16F7-4668-BE54-9A1E7A4F7556}") = "TestService.Business", "TestService.Business\TestService.Business.csproj", "{5CA7034B-9123-407F-8DD1-CE52A5AE0657}"
EndProject
Project("{FAE04EC0-301F-11D3-BF4B-00C04F79EFBC}") = "TestService.API", "TestService.API\TestService.API.csproj", "{1337353A-FE8D-4BC4-9325-71670D811A90}"
EndProject
Global
	GlobalSection(SolutionConfigurationPlatforms) = preSolution
		Debug|Any CPU = Debug|Any CPU
		Release|Any CPU = Release|Any CPU
	EndGlobalSection
	GlobalSection(ProjectConfigurationPlatforms) = postSolution
		{5CA7034B-9123-407F-8DD1-CE52A5AE0657}.Debug|Any CPU.ActiveCfg = Debug|Any CPU
		{5CA7034B-9123-407F-8DD1-CE52A5AE0657}.Debug|Any CPU.Build.0 = Debug|Any CPU
		{5CA7034B-9123-407F-8DD1-CE52A5AE0657}.Release|Any CPU.ActiveCfg = Release|Any CPU
		{5CA7034B-9123-407F-8DD1-CE52A5AE0657}.Release|Any CPU.Build.0 = Release|Any CPU
		{1337353A-FE8D-4BC4-9325-71670D811A90}.Debug|Any CPU.ActiveCfg = Debug|Any CPU
		{1337353A-FE8D-4BC4-9325-71670D811A90}.Debug|Any CPU.Build.0 = Debug|Any CPU
		{1337353A-FE8D-4BC4-9325-71670D811A90}.Release|Any CPU.ActiveCfg = Release|Any CPU
		{1337353A-FE8D-4BC4-9325-71670D811A90}.Release|Any CPU.Build.0 = Release|Any CPU
	EndGlobalSection
	GlobalSection(SolutionProperties) = preSolution
		HideSolutionNode = FALSE
	EndGlobalSection
	GlobalSection(ExtensibilityGlobals) = postSolution
		SolutionGuid = {3DFB1115-D312-4A53-A23A-2D2EBA880B14}
	EndGlobalSection
EndGlobal
